
Microsoft Visual Studio Solution File, Format Version 12.00
# Visual Studio 15
VisualStudioVersion = 15.0.28307.1209
MinimumVisualStudioVersion = 10.0.40219.1
Project("{FAE04EC0-301F-11D3-BF4B-00C04F79EFBC}") = "WindowsFormsApp1", "WindowsFormsApp1\WindowsFormsApp1.csproj", "{DE438C97-BF3C-4E2F-A421-49C2B44774AB}"
EndProject
Global
	GlobalSection(SolutionConfigurationPlatforms) = preSolution
		Debug|Any CPU = Debug|Any CPU
		Release|Any CPU = Release|Any CPU
	EndGlobalSection
	GlobalSection(ProjectConfigurationPlatforms) = postSolution
		{DE438C97-BF3C-4E2F-A421-49C2B44774AB}.Debug|Any CPU.ActiveCfg = Debug|Any CPU
		{DE438C97-BF3C-4E2F-A421-49C2B44774AB}.Debug|Any CPU.Build.0 = Debug|Any CPU
		{DE438C97-BF3C-4E2F-A421-49C2B44774AB}.Release|Any CPU.ActiveCfg = Release|Any CPU
		{DE438C97-BF3C-4E2F-A421-49C2B44774AB}.Release|Any CPU.Build.0 = Release|Any CPU
	EndGlobalSection
	GlobalSection(SolutionProperties) = preSolution
		HideSolutionNode = FALSE
	EndGlobalSection
	GlobalSection(ExtensibilityGlobals) = postSolution
		SolutionGuid = {16D8683C-8F34-47EB-AFB1-EBD3689A9C8E}
	EndGlobalSection
EndGlobal
